
Microsoft Visual Studio Solution File, Format Version 12.00
# Visual Studio 14
VisualStudioVersion = 14.0.25420.1
MinimumVisualStudioVersion = 10.0.40219.1
Project("{FAE04EC0-301F-11D3-BF4B-00C04F79EFBC}") = "VBN Editor", "VBN Editor\VBN Editor.csproj", "{055E5BC6-BB1B-4F76-8710-9991CA79C04D}"
EndProject
Project("{2150E333-8FDC-42A3-9474-1A3956D46DE8}") = "Solution Items", "Solution Items", "{6B274031-6057-4B6F-8152-9917435D7483}"
	ProjectSection(SolutionItems) = preProject
		VBN Editor\collada_schema_1_4.cs = VBN Editor\collada_schema_1_4.cs
		..\..\..\Documents\Visual Studio 2015\Projects\VBN Editor\VBN Editor\Form2.cs = ..\..\..\Documents\Visual Studio 2015\Projects\VBN Editor\VBN Editor\Form2.cs
		..\..\..\Documents\Visual Studio 2015\Projects\VBN Editor\VBN Editor\Form2.Designer.cs = ..\..\..\Documents\Visual Studio 2015\Projects\VBN Editor\VBN Editor\Form2.Designer.cs
		..\..\..\Documents\Visual Studio 2015\Projects\VBN Editor\VBN Editor\Form2.resx = ..\..\..\Documents\Visual Studio 2015\Projects\VBN Editor\VBN Editor\Form2.resx
	EndProjectSection
EndProject
Global
	GlobalSection(SolutionConfigurationPlatforms) = preSolution
		Debug|Any CPU = Debug|Any CPU
		Release|Any CPU = Release|Any CPU
	EndGlobalSection
	GlobalSection(ProjectConfigurationPlatforms) = postSolution
		{055E5BC6-BB1B-4F76-8710-9991CA79C04D}.Debug|Any CPU.ActiveCfg = Debug|Any CPU
		{055E5BC6-BB1B-4F76-8710-9991CA79C04D}.Debug|Any CPU.Build.0 = Debug|Any CPU
		{055E5BC6-BB1B-4F76-8710-9991CA79C04D}.Release|Any CPU.ActiveCfg = Release|Any CPU
		{055E5BC6-BB1B-4F76-8710-9991CA79C04D}.Release|Any CPU.Build.0 = Release|Any CPU
	EndGlobalSection
	GlobalSection(SolutionProperties) = preSolution
		HideSolutionNode = FALSE
	EndGlobalSection
EndGlobal
